
Microsoft Visual Studio Solution File, Format Version 12.00
# Visual Studio Version 16
VisualStudioVersion = 16.0.31105.61
MinimumVisualStudioVersion = 10.0.40219.1
Project("{FAE04EC0-301F-11D3-BF4B-00C04F79EFBC}") = "WebApplication1", "WebApplication1\WebApplication1.csproj", "{8E875706-22F5-4BC1-A80F-B0EE6EE4CDF9}"
EndProject
Global
	GlobalSection(SolutionConfigurationPlatforms) = preSolution
		Debug|Any CPU = Debug|Any CPU
		Release|Any CPU = Release|Any CPU
	EndGlobalSection
	GlobalSection(ProjectConfigurationPlatforms) = postSolution
		{8E875706-22F5-4BC1-A80F-B0EE6EE4CDF9}.Debug|Any CPU.ActiveCfg = Debug|Any CPU
		{8E875706-22F5-4BC1-A80F-B0EE6EE4CDF9}.Debug|Any CPU.Build.0 = Debug|Any CPU
		{8E875706-22F5-4BC1-A80F-B0EE6EE4CDF9}.Release|Any CPU.ActiveCfg = Release|Any CPU
		{8E875706-22F5-4BC1-A80F-B0EE6EE4CDF9}.Release|Any CPU.Build.0 = Release|Any CPU
	EndGlobalSection
	GlobalSection(SolutionProperties) = preSolution
		HideSolutionNode = FALSE
	EndGlobalSection
	GlobalSection(ExtensibilityGlobals) = postSolution
		SolutionGuid = {60AF517A-3650-4140-B961-D8A33E1C29DF}
	EndGlobalSection
EndGlobal
